// !$*UTF8*$!
{
	archiveVersion = 1;
	classes = {
	};
	objectVersion = 50;
	objects = {

/* Begin PBXBuildFile section */
		C800615920A1E17100CCA6B3 /* UIView-CornerRadius.swift in Sources */ = {isa = PBXBuildFile; fileRef = C800615820A1E17100CCA6B3 /* UIView-CornerRadius.swift */; };
		C84B9A1F20A0DF15003D01A9 /* AppDelegate.swift in Sources */ = {isa = PBXBuildFile; fileRef = C84B9A1E20A0DF15003D01A9 /* AppDelegate.swift */; };
		C84B9A2120A0DF15003D01A9 /* LoginVC.swift in Sources */ = {isa = PBXBuildFile; fileRef = C84B9A2020A0DF15003D01A9 /* LoginVC.swift */; };
		C84B9A2420A0DF15003D01A9 /* Main.storyboard in Resources */ = {isa = PBXBuildFile; fileRef = C84B9A2220A0DF15003D01A9 /* Main.storyboard */; };
		C84B9A2620A0DF16003D01A9 /* Assets.xcassets in Resources */ = {isa = PBXBuildFile; fileRef = C84B9A2520A0DF16003D01A9 /* Assets.xcassets */; };
		C84B9A2920A0DF16003D01A9 /* LaunchScreen.storyboard in Resources */ = {isa = PBXBuildFile; fileRef = C84B9A2720A0DF16003D01A9 /* LaunchScreen.storyboard */; };
		C850CE2420B2B57C00418D9E /* FriendCell.swift in Sources */ = {isa = PBXBuildFile; fileRef = C850CE2320B2B57C00418D9E /* FriendCell.swift */; };
		C850CE2720B2B80300418D9E /* FriendsData.swift in Sources */ = {isa = PBXBuildFile; fileRef = C850CE2620B2B80300418D9E /* FriendsData.swift */; };
		C850CE2B20B2BC6D00418D9E /* FriendsSecondTypeCell.swift in Sources */ = {isa = PBXBuildFile; fileRef = C850CE2A20B2BC6D00418D9E /* FriendsSecondTypeCell.swift */; };
		C850CE2D20B2BE6900418D9E /* GroupsData.swift in Sources */ = {isa = PBXBuildFile; fileRef = C850CE2C20B2BE6900418D9E /* GroupsData.swift */; };
		C850CE2F20B2BFBA00418D9E /* GroupCell.swift in Sources */ = {isa = PBXBuildFile; fileRef = C850CE2E20B2BFBA00418D9E /* GroupCell.swift */; };
		C850CE3120B2E69D00418D9E /* SearchGroupData.swift in Sources */ = {isa = PBXBuildFile; fileRef = C850CE3020B2E69D00418D9E /* SearchGroupData.swift */; };
		C850CE3320B2EFCC00418D9E /* SearchGroupCell.swift in Sources */ = {isa = PBXBuildFile; fileRef = C850CE3220B2EFCC00418D9E /* SearchGroupCell.swift */; };
		C87D212920A58FF800C5A830 /* Constants.swift in Sources */ = {isa = PBXBuildFile; fileRef = C87D212820A58FF800C5A830 /* Constants.swift */; };
		C87D212B20A5904B00C5A830 /* UserData.swift in Sources */ = {isa = PBXBuildFile; fileRef = C87D212A20A5904B00C5A830 /* UserData.swift */; };
		C893E9D120B30C2500BBB214 /* ManualSwitchViewController.swift in Sources */ = {isa = PBXBuildFile; fileRef = C893E9D020B30C2500BBB214 /* ManualSwitchViewController.swift */; };
		C89AAFCE20A5A47300E3BC93 /* FriendsTableVC.swift in Sources */ = {isa = PBXBuildFile; fileRef = C89AAFCD20A5A47300E3BC93 /* FriendsTableVC.swift */; };
		C89AAFD020A5A48A00E3BC93 /* FriendsCollectionVC.swift in Sources */ = {isa = PBXBuildFile; fileRef = C89AAFCF20A5A48A00E3BC93 /* FriendsCollectionVC.swift */; };
		C8C810C120A983F100145B83 /* GroupsTableVC.swift in Sources */ = {isa = PBXBuildFile; fileRef = C8C810C020A983F100145B83 /* GroupsTableVC.swift */; };
		C8C810C320A9841100145B83 /* SearchGroupsTableVC.swift in Sources */ = {isa = PBXBuildFile; fileRef = C8C810C220A9841100145B83 /* SearchGroupsTableVC.swift */; };
		C8C810CB20A998A400145B83 /* UIBarButtonItem-tintColor.swift in Sources */ = {isa = PBXBuildFile; fileRef = C8C810CA20A998A400145B83 /* UIBarButtonItem-tintColor.swift */; };
		C8C810CF20A99ABE00145B83 /* UINavigationController-backTintColor.swift in Sources */ = {isa = PBXBuildFile; fileRef = C8C810CE20A99ABE00145B83 /* UINavigationController-backTintColor.swift */; };
/* End PBXBuildFile section */

/* Begin PBXFileReference section */
		C800615820A1E17100CCA6B3 /* UIView-CornerRadius.swift */ = {isa = PBXFileReference; lastKnownFileType = sourcecode.swift; path = "UIView-CornerRadius.swift"; sourceTree = "<group>"; };
		C84B9A1B20A0DF15003D01A9 /* LoginUI.app */ = {isa = PBXFileReference; explicitFileType = wrapper.application; includeInIndex = 0; path = LoginUI.app; sourceTree = BUILT_PRODUCTS_DIR; };
		C84B9A1E20A0DF15003D01A9 /* AppDelegate.swift */ = {isa = PBXFileReference; lastKnownFileType = sourcecode.swift; path = AppDelegate.swift; sourceTree = "<group>"; };
		C84B9A2020A0DF15003D01A9 /* LoginVC.swift */ = {isa = PBXFileReference; lastKnownFileType = sourcecode.swift; path = LoginVC.swift; sourceTree = "<group>"; };
		C84B9A2320A0DF15003D01A9 /* Base */ = {isa = PBXFileReference; lastKnownFileType = file.storyboard; name = Base; path = Base.lproj/Main.storyboard; sourceTree = "<group>"; };
		C84B9A2520A0DF16003D01A9 /* Assets.xcassets */ = {isa = PBXFileReference; lastKnownFileType = folder.assetcatalog; path = Assets.xcassets; sourceTree = "<group>"; };
		C84B9A2820A0DF16003D01A9 /* Base */ = {isa = PBXFileReference; lastKnownFileType = file.storyboard; name = Base; path = Base.lproj/LaunchScreen.storyboard; sourceTree = "<group>"; };
		C84B9A2A20A0DF16003D01A9 /* Info.plist */ = {isa = PBXFileReference; lastKnownFileType = text.plist.xml; path = Info.plist; sourceTree = "<group>"; };
		C850CE2320B2B57C00418D9E /* FriendCell.swift */ = {isa = PBXFileReference; lastKnownFileType = sourcecode.swift; path = FriendCell.swift; sourceTree = "<group>"; };
		C850CE2620B2B80300418D9E /* FriendsData.swift */ = {isa = PBXFileReference; lastKnownFileType = sourcecode.swift; path = FriendsData.swift; sourceTree = "<group>"; };
		C850CE2A20B2BC6D00418D9E /* FriendsSecondTypeCell.swift */ = {isa = PBXFileReference; lastKnownFileType = sourcecode.swift; path = FriendsSecondTypeCell.swift; sourceTree = "<group>"; };
		C850CE2C20B2BE6900418D9E /* GroupsData.swift */ = {isa = PBXFileReference; lastKnownFileType = sourcecode.swift; path = GroupsData.swift; sourceTree = "<group>"; };
		C850CE2E20B2BFBA00418D9E /* GroupCell.swift */ = {isa = PBXFileReference; lastKnownFileType = sourcecode.swift; path = GroupCell.swift; sourceTree = "<group>"; };
		C850CE3020B2E69D00418D9E /* SearchGroupData.swift */ = {isa = PBXFileReference; lastKnownFileType = sourcecode.swift; path = SearchGroupData.swift; sourceTree = "<group>"; };
		C850CE3220B2EFCC00418D9E /* SearchGroupCell.swift */ = {isa = PBXFileReference; lastKnownFileType = sourcecode.swift; path = SearchGroupCell.swift; sourceTree = "<group>"; };
		C87D212820A58FF800C5A830 /* Constants.swift */ = {isa = PBXFileReference; lastKnownFileType = sourcecode.swift; path = Constants.swift; sourceTree = "<group>"; };
		C87D212A20A5904B00C5A830 /* UserData.swift */ = {isa = PBXFileReference; lastKnownFileType = sourcecode.swift; path = UserData.swift; sourceTree = "<group>"; };
		C893E9D020B30C2500BBB214 /* ManualSwitchViewController.swift */ = {isa = PBXFileReference; lastKnownFileType = sourcecode.swift; path = ManualSwitchViewController.swift; sourceTree = "<group>"; };
		C89AAFCD20A5A47300E3BC93 /* FriendsTableVC.swift */ = {isa = PBXFileReference; lastKnownFileType = sourcecode.swift; path = FriendsTableVC.swift; sourceTree = "<group>"; };
		C89AAFCF20A5A48A00E3BC93 /* FriendsCollectionVC.swift */ = {isa = PBXFileReference; lastKnownFileType = sourcecode.swift; path = FriendsCollectionVC.swift; sourceTree = "<group>"; };
		C8C810C020A983F100145B83 /* GroupsTableVC.swift */ = {isa = PBXFileReference; lastKnownFileType = sourcecode.swift; path = GroupsTableVC.swift; sourceTree = "<group>"; };
		C8C810C220A9841100145B83 /* SearchGroupsTableVC.swift */ = {isa = PBXFileReference; lastKnownFileType = sourcecode.swift; path = SearchGroupsTableVC.swift; sourceTree = "<group>"; };
		C8C810CA20A998A400145B83 /* UIBarButtonItem-tintColor.swift */ = {isa = PBXFileReference; lastKnownFileType = sourcecode.swift; path = "UIBarButtonItem-tintColor.swift"; sourceTree = "<group>"; };
		C8C810CE20A99ABE00145B83 /* UINavigationController-backTintColor.swift */ = {isa = PBXFileReference; lastKnownFileType = sourcecode.swift; path = "UINavigationController-backTintColor.swift"; sourceTree = "<group>"; };
/* End PBXFileReference section */

/* Begin PBXFrameworksBuildPhase section */
		C84B9A1820A0DF15003D01A9 /* Frameworks */ = {
			isa = PBXFrameworksBuildPhase;
			buildActionMask = 2147483647;
			files = (
			);
			runOnlyForDeploymentPostprocessing = 0;
		};
/* End PBXFrameworksBuildPhase section */

/* Begin PBXGroup section */
		C800615720A1E12600CCA6B3 /* Extensions */ = {
			isa = PBXGroup;
			children = (
				C800615820A1E17100CCA6B3 /* UIView-CornerRadius.swift */,
				C8C810CA20A998A400145B83 /* UIBarButtonItem-tintColor.swift */,
				C8C810CE20A99ABE00145B83 /* UINavigationController-backTintColor.swift */,
				C893E9D020B30C2500BBB214 /* ManualSwitchViewController.swift */,
			);
			path = Extensions;
			sourceTree = "<group>";
		};
		C84B9A1220A0DF15003D01A9 = {
			isa = PBXGroup;
			children = (
				C84B9A1D20A0DF15003D01A9 /* LoginUI */,
				C84B9A1C20A0DF15003D01A9 /* Products */,
			);
			sourceTree = "<group>";
		};
		C84B9A1C20A0DF15003D01A9 /* Products */ = {
			isa = PBXGroup;
			children = (
				C84B9A1B20A0DF15003D01A9 /* LoginUI.app */,
			);
			name = Products;
			sourceTree = "<group>";
		};
		C84B9A1D20A0DF15003D01A9 /* LoginUI */ = {
			isa = PBXGroup;
			children = (
				C84B9A1E20A0DF15003D01A9 /* AppDelegate.swift */,
				C84B9A2220A0DF15003D01A9 /* Main.storyboard */,
				C84B9A2720A0DF16003D01A9 /* LaunchScreen.storyboard */,
				C850CE2520B2B7D300418D9E /* Model */,
				C850CE2220B2B55B00418D9E /* Views */,
				C87D212620A58FA600C5A830 /* Controllers */,
				C800615720A1E12600CCA6B3 /* Extensions */,
				C87D212720A58FE700C5A830 /* Other */,
				C84B9A2520A0DF16003D01A9 /* Assets.xcassets */,
				C84B9A2A20A0DF16003D01A9 /* Info.plist */,
			);
			path = LoginUI;
			sourceTree = "<group>";
		};
		C850CE2220B2B55B00418D9E /* Views */ = {
			isa = PBXGroup;
			children = (
				C850CE2320B2B57C00418D9E /* FriendCell.swift */,
				C850CE2A20B2BC6D00418D9E /* FriendsSecondTypeCell.swift */,
				C850CE2E20B2BFBA00418D9E /* GroupCell.swift */,
				C850CE3220B2EFCC00418D9E /* SearchGroupCell.swift */,
			);
			path = Views;
			sourceTree = "<group>";
		};
		C850CE2520B2B7D300418D9E /* Model */ = {
			isa = PBXGroup;
			children = (
				C850CE2620B2B80300418D9E /* FriendsData.swift */,
				C850CE2C20B2BE6900418D9E /* GroupsData.swift */,
				C850CE3020B2E69D00418D9E /* SearchGroupData.swift */,
			);
			path = Model;
			sourceTree = "<group>";
		};
		C87D212620A58FA600C5A830 /* Controllers */ = {
			isa = PBXGroup;
			children = (
				C84B9A2020A0DF15003D01A9 /* LoginVC.swift */,
				C89AAFCD20A5A47300E3BC93 /* FriendsTableVC.swift */,
				C89AAFCF20A5A48A00E3BC93 /* FriendsCollectionVC.swift */,
				C8C810C020A983F100145B83 /* GroupsTableVC.swift */,
				C8C810C220A9841100145B83 /* SearchGroupsTableVC.swift */,
			);
			path = Controllers;
			sourceTree = "<group>";
		};
		C87D212720A58FE700C5A830 /* Other */ = {
			isa = PBXGroup;
			children = (
				C87D212A20A5904B00C5A830 /* UserData.swift */,
				C87D212820A58FF800C5A830 /* Constants.swift */,
			);
			path = Other;
			sourceTree = "<group>";
		};
/* End PBXGroup section */

/* Begin PBXNativeTarget section */
		C84B9A1A20A0DF15003D01A9 /* LoginUI */ = {
			isa = PBXNativeTarget;
			buildConfigurationList = C84B9A2D20A0DF16003D01A9 /* Build configuration list for PBXNativeTarget "LoginUI" */;
			buildPhases = (
				C84B9A1720A0DF15003D01A9 /* Sources */,
				C84B9A1820A0DF15003D01A9 /* Frameworks */,
				C84B9A1920A0DF15003D01A9 /* Resources */,
			);
			buildRules = (
			);
			dependencies = (
			);
			name = LoginUI;
			productName = LoginUI;
			productReference = C84B9A1B20A0DF15003D01A9 /* LoginUI.app */;
			productType = "com.apple.product-type.application";
		};
/* End PBXNativeTarget section */

/* Begin PBXProject section */
		C84B9A1320A0DF15003D01A9 /* Project object */ = {
			isa = PBXProject;
			attributes = {
				LastSwiftUpdateCheck = 0930;
				LastUpgradeCheck = 0930;
				ORGANIZATIONNAME = "Роман Мисников";
				TargetAttributes = {
					C84B9A1A20A0DF15003D01A9 = {
						CreatedOnToolsVersion = 9.3;
					};
				};
			};
			buildConfigurationList = C84B9A1620A0DF15003D01A9 /* Build configuration list for PBXProject "LoginUI" */;
			compatibilityVersion = "Xcode 9.3";
			developmentRegion = en;
			hasScannedForEncodings = 0;
			knownRegions = (
				en,
				Base,
			);
			mainGroup = C84B9A1220A0DF15003D01A9;
			productRefGroup = C84B9A1C20A0DF15003D01A9 /* Products */;
			projectDirPath = "";
			projectRoot = "";
			targets = (
				C84B9A1A20A0DF15003D01A9 /* LoginUI */,
			);
		};
/* End PBXProject section */

/* Begin PBXResourcesBuildPhase section */
		C84B9A1920A0DF15003D01A9 /* Resources */ = {
			isa = PBXResourcesBuildPhase;
			buildActionMask = 2147483647;
			files = (
				C84B9A2920A0DF16003D01A9 /* LaunchScreen.storyboard in Resources */,
				C84B9A2620A0DF16003D01A9 /* Assets.xcassets in Resources */,
				C84B9A2420A0DF15003D01A9 /* Main.storyboard in Resources */,
			);
			runOnlyForDeploymentPostprocessing = 0;
		};
/* End PBXResourcesBuildPhase section */

/* Begin PBXSourcesBuildPhase section */
		C84B9A1720A0DF15003D01A9 /* Sources */ = {
			isa = PBXSourcesBuildPhase;
			buildActionMask = 2147483647;
			files = (
				C84B9A2120A0DF15003D01A9 /* LoginVC.swift in Sources */,
				C850CE3120B2E69D00418D9E /* SearchGroupData.swift in Sources */,
				C800615920A1E17100CCA6B3 /* UIView-CornerRadius.swift in Sources */,
				C89AAFCE20A5A47300E3BC93 /* FriendsTableVC.swift in Sources */,
				C850CE2720B2B80300418D9E /* FriendsData.swift in Sources */,
				C8C810C120A983F100145B83 /* GroupsTableVC.swift in Sources */,
				C89AAFD020A5A48A00E3BC93 /* FriendsCollectionVC.swift in Sources */,
				C850CE3320B2EFCC00418D9E /* SearchGroupCell.swift in Sources */,
				C8C810C320A9841100145B83 /* SearchGroupsTableVC.swift in Sources */,
				C850CE2F20B2BFBA00418D9E /* GroupCell.swift in Sources */,
				C84B9A1F20A0DF15003D01A9 /* AppDelegate.swift in Sources */,
				C850CE2420B2B57C00418D9E /* FriendCell.swift in Sources */,
				C87D212B20A5904B00C5A830 /* UserData.swift in Sources */,
				C87D212920A58FF800C5A830 /* Constants.swift in Sources */,
				C850CE2B20B2BC6D00418D9E /* FriendsSecondTypeCell.swift in Sources */,
				C893E9D120B30C2500BBB214 /* ManualSwitchViewController.swift in Sources */,
				C850CE2D20B2BE6900418D9E /* GroupsData.swift in Sources */,
				C8C810CF20A99ABE00145B83 /* UINavigationController-backTintColor.swift in Sources */,
				C8C810CB20A998A400145B83 /* UIBarButtonItem-tintColor.swift in Sources */,
			);
			runOnlyForDeploymentPostprocessing = 0;
		};
/* End PBXSourcesBuildPhase section */

/* Begin PBXVariantGroup section */
		C84B9A2220A0DF15003D01A9 /* Main.storyboard */ = {
			isa = PBXVariantGroup;
			children = (
				C84B9A2320A0DF15003D01A9 /* Base */,
			);
			name = Main.storyboard;
			sourceTree = "<group>";
		};
		C84B9A2720A0DF16003D01A9 /* LaunchScreen.storyboard */ = {
			isa = PBXVariantGroup;
			children = (
				C84B9A2820A0DF16003D01A9 /* Base */,
			);
			name = LaunchScreen.storyboard;
			sourceTree = "<group>";
		};
/* End PBXVariantGroup section */

/* Begin XCBuildConfiguration section */
		C84B9A2B20A0DF16003D01A9 /* Debug */ = {
			isa = XCBuildConfiguration;
			buildSettings = {
				ALWAYS_SEARCH_USER_PATHS = NO;
				CLANG_ANALYZER_NONNULL = YES;
				CLANG_ANALYZER_NUMBER_OBJECT_CONVERSION = YES_AGGRESSIVE;
				CLANG_CXX_LANGUAGE_STANDARD = "gnu++14";
				CLANG_CXX_LIBRARY = "libc++";
				CLANG_ENABLE_MODULES = YES;
				CLANG_ENABLE_OBJC_ARC = YES;
				CLANG_ENABLE_OBJC_WEAK = YES;
				CLANG_WARN_BLOCK_CAPTURE_AUTORELEASING = YES;
				CLANG_WARN_BOOL_CONVERSION = YES;
				CLANG_WARN_COMMA = YES;
				CLANG_WARN_CONSTANT_CONVERSION = YES;
				CLANG_WARN_DEPRECATED_OBJC_IMPLEMENTATIONS = YES;
				CLANG_WARN_DIRECT_OBJC_ISA_USAGE = YES_ERROR;
				CLANG_WARN_DOCUMENTATION_COMMENTS = YES;
				CLANG_WARN_EMPTY_BODY = YES;
				CLANG_WARN_ENUM_CONVERSION = YES;
				CLANG_WARN_INFINITE_RECURSION = YES;
				CLANG_WARN_INT_CONVERSION = YES;
				CLANG_WARN_NON_LITERAL_NULL_CONVERSION = YES;
				CLANG_WARN_OBJC_IMPLICIT_RETAIN_SELF = YES;
				CLANG_WARN_OBJC_LITERAL_CONVERSION = YES;
				CLANG_WARN_OBJC_ROOT_CLASS = YES_ERROR;
				CLANG_WARN_RANGE_LOOP_ANALYSIS = YES;
				CLANG_WARN_STRICT_PROTOTYPES = YES;
				CLANG_WARN_SUSPICIOUS_MOVE = YES;
				CLANG_WARN_UNGUARDED_AVAILABILITY = YES_AGGRESSIVE;
				CLANG_WARN_UNREACHABLE_CODE = YES;
				CLANG_WARN__DUPLICATE_METHOD_MATCH = YES;
				CODE_SIGN_IDENTITY = "iPhone Developer";
				COPY_PHASE_STRIP = NO;
				DEBUG_INFORMATION_FORMAT = dwarf;
				ENABLE_STRICT_OBJC_MSGSEND = YES;
				ENABLE_TESTABILITY = YES;
				GCC_C_LANGUAGE_STANDARD = gnu11;
				GCC_DYNAMIC_NO_PIC = NO;
				GCC_NO_COMMON_BLOCKS = YES;
				GCC_OPTIMIZATION_LEVEL = 0;
				GCC_PREPROCESSOR_DEFINITIONS = (
					"DEBUG=1",
					"$(inherited)",
				);
				GCC_WARN_64_TO_32_BIT_CONVERSION = YES;
				GCC_WARN_ABOUT_RETURN_TYPE = YES_ERROR;
				GCC_WARN_UNDECLARED_SELECTOR = YES;
				GCC_WARN_UNINITIALIZED_AUTOS = YES_AGGRESSIVE;
				GCC_WARN_UNUSED_FUNCTION = YES;
				GCC_WARN_UNUSED_VARIABLE = YES;
				IPHONEOS_DEPLOYMENT_TARGET = 11.3;
				MTL_ENABLE_DEBUG_INFO = YES;
				ONLY_ACTIVE_ARCH = YES;
				SDKROOT = iphoneos;
				SWIFT_ACTIVE_COMPILATION_CONDITIONS = DEBUG;
				SWIFT_OPTIMIZATION_LEVEL = "-Onone";
			};
			name = Debug;
		};
		C84B9A2C20A0DF16003D01A9 /* Release */ = {
			isa = XCBuildConfiguration;
			buildSettings = {
				ALWAYS_SEARCH_USER_PATHS = NO;
				CLANG_ANALYZER_NONNULL = YES;
				CLANG_ANALYZER_NUMBER_OBJECT_CONVERSION = YES_AGGRESSIVE;
				CLANG_CXX_LANGUAGE_STANDARD = "gnu++14";
				CLANG_CXX_LIBRARY = "libc++";
				CLANG_ENABLE_MODULES = YES;
				CLANG_ENABLE_OBJC_ARC = YES;
				CLANG_ENABLE_OBJC_WEAK = YES;
				CLANG_WARN_BLOCK_CAPTURE_AUTORELEASING = YES;
				CLANG_WARN_BOOL_CONVERSION = YES;
				CLANG_WARN_COMMA = YES;
				CLANG_WARN_CONSTANT_CONVERSION = YES;
				CLANG_WARN_DEPRECATED_OBJC_IMPLEMENTATIONS = YES;
				CLANG_WARN_DIRECT_OBJC_ISA_USAGE = YES_ERROR;
				CLANG_WARN_DOCUMENTATION_COMMENTS = YES;
				CLANG_WARN_EMPTY_BODY = YES;
				CLANG_WARN_ENUM_CONVERSION = YES;
				CLANG_WARN_INFINITE_RECURSION = YES;
				CLANG_WARN_INT_CONVERSION = YES;
				CLANG_WARN_NON_LITERAL_NULL_CONVERSION = YES;
				CLANG_WARN_OBJC_IMPLICIT_RETAIN_SELF = YES;
				CLANG_WARN_OBJC_LITERAL_CONVERSION = YES;
				CLANG_WARN_OBJC_ROOT_CLASS = YES_ERROR;
				CLANG_WARN_RANGE_LOOP_ANALYSIS = YES;
				CLANG_WARN_STRICT_PROTOTYPES = YES;
				CLANG_WARN_SUSPICIOUS_MOVE = YES;
				CLANG_WARN_UNGUARDED_AVAILABILITY = YES_AGGRESSIVE;
				CLANG_WARN_UNREACHABLE_CODE = YES;
				CLANG_WARN__DUPLICATE_METHOD_MATCH = YES;
				CODE_SIGN_IDENTITY = "iPhone Developer";
				COPY_PHASE_STRIP = NO;
				DEBUG_INFORMATION_FORMAT = "dwarf-with-dsym";
				ENABLE_NS_ASSERTIONS = NO;
				ENABLE_STRICT_OBJC_MSGSEND = YES;
				GCC_C_LANGUAGE_STANDARD = gnu11;
				GCC_NO_COMMON_BLOCKS = YES;
				GCC_WARN_64_TO_32_BIT_CONVERSION = YES;
				GCC_WARN_ABOUT_RETURN_TYPE = YES_ERROR;
				GCC_WARN_UNDECLARED_SELECTOR = YES;
				GCC_WARN_UNINITIALIZED_AUTOS = YES_AGGRESSIVE;
				GCC_WARN_UNUSED_FUNCTION = YES;
				GCC_WARN_UNUSED_VARIABLE = YES;
				IPHONEOS_DEPLOYMENT_TARGET = 11.3;
				MTL_ENABLE_DEBUG_INFO = NO;
				SDKROOT = iphoneos;
				SWIFT_COMPILATION_MODE = wholemodule;
				SWIFT_OPTIMIZATION_LEVEL = "-O";
				VALIDATE_PRODUCT = YES;
			};
			name = Release;
		};
		C84B9A2E20A0DF16003D01A9 /* Debug */ = {
			isa = XCBuildConfiguration;
			buildSettings = {
				ASSETCATALOG_COMPILER_APPICON_NAME = AppIcon;
				CODE_SIGN_STYLE = Automatic;
				DEVELOPMENT_TEAM = JJHX98NUDV;
				INFOPLIST_FILE = LoginUI/Info.plist;
				LD_RUNPATH_SEARCH_PATHS = (
					"$(inherited)",
					"@executable_path/Frameworks",
				);
				PRODUCT_BUNDLE_IDENTIFIER = RFMisnikov.LoginUI;
				PRODUCT_NAME = "$(TARGET_NAME)";
				SWIFT_VERSION = 4.0;
				TARGETED_DEVICE_FAMILY = "1,2";
			};
			name = Debug;
		};
		C84B9A2F20A0DF16003D01A9 /* Release */ = {
			isa = XCBuildConfiguration;
			buildSettings = {
				ASSETCATALOG_COMPILER_APPICON_NAME = AppIcon;
				CODE_SIGN_STYLE = Automatic;
				DEVELOPMENT_TEAM = JJHX98NUDV;
				INFOPLIST_FILE = LoginUI/Info.plist;
				LD_RUNPATH_SEARCH_PATHS = (
					"$(inherited)",
					"@executable_path/Frameworks",
				);
				PRODUCT_BUNDLE_IDENTIFIER = RFMisnikov.LoginUI;
				PRODUCT_NAME = "$(TARGET_NAME)";
				SWIFT_VERSION = 4.0;
				TARGETED_DEVICE_FAMILY = "1,2";
			};
			name = Release;
		};
/* End XCBuildConfiguration section */

/* Begin XCConfigurationList section */
		C84B9A1620A0DF15003D01A9 /* Build configuration list for PBXProject "LoginUI" */ = {
			isa = XCConfigurationList;
			buildConfigurations = (
				C84B9A2B20A0DF16003D01A9 /* Debug */,
				C84B9A2C20A0DF16003D01A9 /* Release */,
			);
			defaultConfigurationIsVisible = 0;
			defaultConfigurationName = Release;
		};
		C84B9A2D20A0DF16003D01A9 /* Build configuration list for PBXNativeTarget "LoginUI" */ = {
			isa = XCConfigurationList;
			buildConfigurations = (
				C84B9A2E20A0DF16003D01A9 /* Debug */,
				C84B9A2F20A0DF16003D01A9 /* Release */,
			);
			defaultConfigurationIsVisible = 0;
			defaultConfigurationName = Release;
		};
/* End XCConfigurationList section */
	};
	rootObject = C84B9A1320A0DF15003D01A9 /* Project object */;
}
